
Microsoft Visual Studio Solution File, Format Version 12.00
# Visual Studio 15
VisualStudioVersion = 15.0.28307.902
MinimumVisualStudioVersion = 10.0.40219.1
Project("{FAE04EC0-301F-11D3-BF4B-00C04F79EFBC}") = "Numero_Maior", "Numero_Maior.csproj", "{BF0329DD-DE71-46E1-9912-BE7C00854BCD}"
EndProject
Global
	GlobalSection(SolutionConfigurationPlatforms) = preSolution
		Debug|Any CPU = Debug|Any CPU
		Release|Any CPU = Release|Any CPU
	EndGlobalSection
	GlobalSection(ProjectConfigurationPlatforms) = postSolution
		{BF0329DD-DE71-46E1-9912-BE7C00854BCD}.Debug|Any CPU.ActiveCfg = Debug|Any CPU
		{BF0329DD-DE71-46E1-9912-BE7C00854BCD}.Debug|Any CPU.Build.0 = Debug|Any CPU
		{BF0329DD-DE71-46E1-9912-BE7C00854BCD}.Release|Any CPU.ActiveCfg = Release|Any CPU
		{BF0329DD-DE71-46E1-9912-BE7C00854BCD}.Release|Any CPU.Build.0 = Release|Any CPU
	EndGlobalSection
	GlobalSection(SolutionProperties) = preSolution
		HideSolutionNode = FALSE
	EndGlobalSection
	GlobalSection(ExtensibilityGlobals) = postSolution
		SolutionGuid = {45CBE13F-E16E-49CB-990E-8A9A2FF93B57}
	EndGlobalSection
EndGlobal
